
Microsoft Visual Studio Solution File, Format Version 12.00
# Visual Studio 15
VisualStudioVersion = 15.0.26430.14
MinimumVisualStudioVersion = 10.0.40219.1
Project("{FAE04EC0-301F-11D3-BF4B-00C04F79EFBC}") = "WebApplication1", "WebApplication1\WebApplication1.csproj", "{19D271B8-0A92-4CA7-AEF3-02D46291D0AF}"
EndProject
Project("{FAE04EC0-301F-11D3-BF4B-00C04F79EFBC}") = "SimpleClassForTestingNuGet", "SimpleClassForTestingNuGet\SimpleClassForTestingNuGet.csproj", "{830D624D-44B9-434A-BAD1-7C2848942B07}"
EndProject
Project("{FAE04EC0-301F-11D3-BF4B-00C04F79EFBC}") = "SimpleMVCApp", "SimpleMVCApp\SimpleMVCApp.csproj", "{FDF742E9-77C8-4927-8A90-5517B763E710}"
EndProject
Project("{FAE04EC0-301F-11D3-BF4B-00C04F79EFBC}") = "CreateForm", "CreateForm\CreateForm.csproj", "{A72D2471-180E-4492-9EE2-32838B4AA94A}"
EndProject
Global
	GlobalSection(SolutionConfigurationPlatforms) = preSolution
		Debug|Any CPU = Debug|Any CPU
		Release|Any CPU = Release|Any CPU
	EndGlobalSection
	GlobalSection(ProjectConfigurationPlatforms) = postSolution
		{19D271B8-0A92-4CA7-AEF3-02D46291D0AF}.Debug|Any CPU.ActiveCfg = Debug|Any CPU
		{19D271B8-0A92-4CA7-AEF3-02D46291D0AF}.Debug|Any CPU.Build.0 = Debug|Any CPU
		{19D271B8-0A92-4CA7-AEF3-02D46291D0AF}.Release|Any CPU.ActiveCfg = Release|Any CPU
		{19D271B8-0A92-4CA7-AEF3-02D46291D0AF}.Release|Any CPU.Build.0 = Release|Any CPU
		{830D624D-44B9-434A-BAD1-7C2848942B07}.Debug|Any CPU.ActiveCfg = Debug|Any CPU
		{830D624D-44B9-434A-BAD1-7C2848942B07}.Debug|Any CPU.Build.0 = Debug|Any CPU
		{830D624D-44B9-434A-BAD1-7C2848942B07}.Release|Any CPU.ActiveCfg = Release|Any CPU
		{830D624D-44B9-434A-BAD1-7C2848942B07}.Release|Any CPU.Build.0 = Release|Any CPU
		{FDF742E9-77C8-4927-8A90-5517B763E710}.Debug|Any CPU.ActiveCfg = Debug|Any CPU
		{FDF742E9-77C8-4927-8A90-5517B763E710}.Debug|Any CPU.Build.0 = Debug|Any CPU
		{FDF742E9-77C8-4927-8A90-5517B763E710}.Release|Any CPU.ActiveCfg = Release|Any CPU
		{FDF742E9-77C8-4927-8A90-5517B763E710}.Release|Any CPU.Build.0 = Release|Any CPU
		{A72D2471-180E-4492-9EE2-32838B4AA94A}.Debug|Any CPU.ActiveCfg = Debug|Any CPU
		{A72D2471-180E-4492-9EE2-32838B4AA94A}.Debug|Any CPU.Build.0 = Debug|Any CPU
		{A72D2471-180E-4492-9EE2-32838B4AA94A}.Release|Any CPU.ActiveCfg = Release|Any CPU
		{A72D2471-180E-4492-9EE2-32838B4AA94A}.Release|Any CPU.Build.0 = Release|Any CPU
	EndGlobalSection
	GlobalSection(SolutionProperties) = preSolution
		HideSolutionNode = FALSE
	EndGlobalSection
EndGlobal
